<Solution>
  <Folder Name="/examples/">
    <Project Path="examples/Stroke.Examples.Telnet/Stroke.Examples.Telnet.csproj" />
  </Folder>
  <Folder Name="/src/">
    <Project Path="src/Stroke/Stroke.csproj" />
  </Folder>
  <Folder Name="/tests/">
    <Project Path="tests/Stroke.Tests/Stroke.Tests.csproj" />
  </Folder>
</Solution>
